
Microsoft Visual Studio Solution File, Format Version 12.00
# Visual Studio 15
VisualStudioVersion = 15.0.28010.2041
MinimumVisualStudioVersion = 10.0.40219.1
Project("{FAE04EC0-301F-11D3-BF4B-00C04F79EFBC}") = "HiProgram", "HiProgram\HiProgram.csproj", "{95410971-65BD-41C1-9F80-3AD092284ECC}"
EndProject
Project("{FAE04EC0-301F-11D3-BF4B-00C04F79EFBC}") = "AgeAfter10Years", "AgeAfter10Years\AgeAfter10Years.csproj", "{00BA37ED-EA58-4507-8CAD-3B15EE5235CB}"
EndProject
Project("{2150E333-8FDC-42A3-9474-1A3956D46DE8}") = "week1", "week1", "{C0236F4D-7101-4BCD-AA88-C12AAA549F19}"
EndProject
Project("{2150E333-8FDC-42A3-9474-1A3956D46DE8}") = "week2", "week2", "{8DD43806-B2E2-4B80-8C8A-722C83805C3C}"
EndProject
Project("{2150E333-8FDC-42A3-9474-1A3956D46DE8}") = "week3", "week3", "{20F3F34C-AE20-4A38-833A-B9FE45F6B5E4}"
EndProject
Project("{FAE04EC0-301F-11D3-BF4B-00C04F79EFBC}") = "BusTicketLuckyNumbers", "BusTicketLuckyNumbers\BusTicketLuckyNumbers.csproj", "{971619DF-72C0-4A50-99BB-73038CB15CB5}"
EndProject
Project("{FAE04EC0-301F-11D3-BF4B-00C04F79EFBC}") = "MiserPiggy", "MiserPiggy\MiserPiggy.csproj", "{8E9061DC-1E90-4EE5-97CF-86B6F72D3367}"
EndProject
Project("{FAE04EC0-301F-11D3-BF4B-00C04F79EFBC}") = "SimpleDeckOfCards", "SimpleDeckOfCards\SimpleDeckOfCards.csproj", "{477E93CD-19D1-4A42-8C37-24FE18FAEB20}"
EndProject
Global
	GlobalSection(SolutionConfigurationPlatforms) = preSolution
		Debug|Any CPU = Debug|Any CPU
		Release|Any CPU = Release|Any CPU
	EndGlobalSection
	GlobalSection(ProjectConfigurationPlatforms) = postSolution
		{95410971-65BD-41C1-9F80-3AD092284ECC}.Debug|Any CPU.ActiveCfg = Debug|Any CPU
		{95410971-65BD-41C1-9F80-3AD092284ECC}.Debug|Any CPU.Build.0 = Debug|Any CPU
		{95410971-65BD-41C1-9F80-3AD092284ECC}.Release|Any CPU.ActiveCfg = Release|Any CPU
		{95410971-65BD-41C1-9F80-3AD092284ECC}.Release|Any CPU.Build.0 = Release|Any CPU
		{00BA37ED-EA58-4507-8CAD-3B15EE5235CB}.Debug|Any CPU.ActiveCfg = Debug|Any CPU
		{00BA37ED-EA58-4507-8CAD-3B15EE5235CB}.Debug|Any CPU.Build.0 = Debug|Any CPU
		{00BA37ED-EA58-4507-8CAD-3B15EE5235CB}.Release|Any CPU.ActiveCfg = Release|Any CPU
		{00BA37ED-EA58-4507-8CAD-3B15EE5235CB}.Release|Any CPU.Build.0 = Release|Any CPU
		{971619DF-72C0-4A50-99BB-73038CB15CB5}.Debug|Any CPU.ActiveCfg = Debug|Any CPU
		{971619DF-72C0-4A50-99BB-73038CB15CB5}.Debug|Any CPU.Build.0 = Debug|Any CPU
		{971619DF-72C0-4A50-99BB-73038CB15CB5}.Release|Any CPU.ActiveCfg = Release|Any CPU
		{971619DF-72C0-4A50-99BB-73038CB15CB5}.Release|Any CPU.Build.0 = Release|Any CPU
		{8E9061DC-1E90-4EE5-97CF-86B6F72D3367}.Debug|Any CPU.ActiveCfg = Debug|Any CPU
		{8E9061DC-1E90-4EE5-97CF-86B6F72D3367}.Debug|Any CPU.Build.0 = Debug|Any CPU
		{8E9061DC-1E90-4EE5-97CF-86B6F72D3367}.Release|Any CPU.ActiveCfg = Release|Any CPU
		{8E9061DC-1E90-4EE5-97CF-86B6F72D3367}.Release|Any CPU.Build.0 = Release|Any CPU
		{477E93CD-19D1-4A42-8C37-24FE18FAEB20}.Debug|Any CPU.ActiveCfg = Debug|Any CPU
		{477E93CD-19D1-4A42-8C37-24FE18FAEB20}.Debug|Any CPU.Build.0 = Debug|Any CPU
		{477E93CD-19D1-4A42-8C37-24FE18FAEB20}.Release|Any CPU.ActiveCfg = Release|Any CPU
		{477E93CD-19D1-4A42-8C37-24FE18FAEB20}.Release|Any CPU.Build.0 = Release|Any CPU
	EndGlobalSection
	GlobalSection(SolutionProperties) = preSolution
		HideSolutionNode = FALSE
	EndGlobalSection
	GlobalSection(NestedProjects) = preSolution
		{95410971-65BD-41C1-9F80-3AD092284ECC} = {C0236F4D-7101-4BCD-AA88-C12AAA549F19}
		{00BA37ED-EA58-4507-8CAD-3B15EE5235CB} = {C0236F4D-7101-4BCD-AA88-C12AAA549F19}
		{971619DF-72C0-4A50-99BB-73038CB15CB5} = {20F3F34C-AE20-4A38-833A-B9FE45F6B5E4}
		{8E9061DC-1E90-4EE5-97CF-86B6F72D3367} = {20F3F34C-AE20-4A38-833A-B9FE45F6B5E4}
		{477E93CD-19D1-4A42-8C37-24FE18FAEB20} = {20F3F34C-AE20-4A38-833A-B9FE45F6B5E4}
	EndGlobalSection
	GlobalSection(ExtensibilityGlobals) = postSolution
		SolutionGuid = {59DA2331-3784-4518-9866-FAB7080F5E05}
	EndGlobalSection
EndGlobal
